// !$*UTF8*$!
{
	archiveVersion = 1;
	classes = {
	};
	objectVersion = 51;
	objects = {

/* Begin PBXBuildFile section */
		25870A0624DD884A004BCEA3 /* CreateML.mlmodel in Sources */ = {isa = PBXBuildFile; fileRef = 25870A0524DD884A004BCEA3 /* CreateML.mlmodel */; };
		25B83ABA24D3C96600FB753D /* AppDelegate.swift in Sources */ = {isa = PBXBuildFile; fileRef = 25B83AB924D3C96600FB753D /* AppDelegate.swift */; };
		25B83ABC24D3C96600FB753D /* SceneDelegate.swift in Sources */ = {isa = PBXBuildFile; fileRef = 25B83ABB24D3C96600FB753D /* SceneDelegate.swift */; };
		25B83ABE24D3C96600FB753D /* ViewController.swift in Sources */ = {isa = PBXBuildFile; fileRef = 25B83ABD24D3C96600FB753D /* ViewController.swift */; };
		25B83AC124D3C96600FB753D /* Main.storyboard in Resources */ = {isa = PBXBuildFile; fileRef = 25B83ABF24D3C96600FB753D /* Main.storyboard */; };
		25B83AC324D3C96700FB753D /* Assets.xcassets in Resources */ = {isa = PBXBuildFile; fileRef = 25B83AC224D3C96700FB753D /* Assets.xcassets */; };
		25B83AC624D3C96800FB753D /* LaunchScreen.storyboard in Resources */ = {isa = PBXBuildFile; fileRef = 25B83AC424D3C96800FB753D /* LaunchScreen.storyboard */; };
/* End PBXBuildFile section */

/* Begin PBXFileReference section */
		25870A0524DD884A004BCEA3 /* CreateML.mlmodel */ = {isa = PBXFileReference; lastKnownFileType = file.mlmodel; path = CreateML.mlmodel; sourceTree = "<group>"; };
		25B83AB624D3C96600FB753D /* ObjectFinder.app */ = {isa = PBXFileReference; explicitFileType = wrapper.application; includeInIndex = 0; path = ObjectFinder.app; sourceTree = BUILT_PRODUCTS_DIR; };
		25B83AB924D3C96600FB753D /* AppDelegate.swift */ = {isa = PBXFileReference; lastKnownFileType = sourcecode.swift; path = AppDelegate.swift; sourceTree = "<group>"; };
		25B83ABB24D3C96600FB753D /* SceneDelegate.swift */ = {isa = PBXFileReference; lastKnownFileType = sourcecode.swift; path = SceneDelegate.swift; sourceTree = "<group>"; };
		25B83ABD24D3C96600FB753D /* ViewController.swift */ = {isa = PBXFileReference; lastKnownFileType = sourcecode.swift; path = ViewController.swift; sourceTree = "<group>"; };
		25B83AC024D3C96600FB753D /* Base */ = {isa = PBXFileReference; lastKnownFileType = file.storyboard; name = Base; path = Base.lproj/Main.storyboard; sourceTree = "<group>"; };
		25B83AC224D3C96700FB753D /* Assets.xcassets */ = {isa = PBXFileReference; lastKnownFileType = folder.assetcatalog; path = Assets.xcassets; sourceTree = "<group>"; };
		25B83AC524D3C96800FB753D /* Base */ = {isa = PBXFileReference; lastKnownFileType = file.storyboard; name = Base; path = Base.lproj/LaunchScreen.storyboard; sourceTree = "<group>"; };
		25B83AC724D3C96800FB753D /* Info.plist */ = {isa = PBXFileReference; lastKnownFileType = text.plist.xml; path = Info.plist; sourceTree = "<group>"; };
/* End PBXFileReference section */

/* Begin PBXFrameworksBuildPhase section */
		25B83AB324D3C96600FB753D /* Frameworks */ = {
			isa = PBXFrameworksBuildPhase;
			buildActionMask = 2147483647;
			files = (
			);
			runOnlyForDeploymentPostprocessing = 0;
		};
/* End PBXFrameworksBuildPhase section */

/* Begin PBXGroup section */
		25B83AAD24D3C96600FB753D = {
			isa = PBXGroup;
			children = (
				25B83AB824D3C96600FB753D /* ObjectFinder */,
				25B83AB724D3C96600FB753D /* Products */,
			);
			sourceTree = "<group>";
		};
		25B83AB724D3C96600FB753D /* Products */ = {
			isa = PBXGroup;
			children = (
				25B83AB624D3C96600FB753D /* ObjectFinder.app */,
			);
			name = Products;
			sourceTree = "<group>";
		};
		25B83AB824D3C96600FB753D /* ObjectFinder */ = {
			isa = PBXGroup;
			children = (
				25B83AB924D3C96600FB753D /* AppDelegate.swift */,
				25B83ABB24D3C96600FB753D /* SceneDelegate.swift */,
				25B83ABD24D3C96600FB753D /* ViewController.swift */,
				25B83ABF24D3C96600FB753D /* Main.storyboard */,
				25B83AC224D3C96700FB753D /* Assets.xcassets */,
				25870A0524DD884A004BCEA3 /* CreateML.mlmodel */,
				25B83AC424D3C96800FB753D /* LaunchScreen.storyboard */,
				25B83AC724D3C96800FB753D /* Info.plist */,
			);
			path = ObjectFinder;
			sourceTree = "<group>";
		};
/* End PBXGroup section */

/* Begin PBXNativeTarget section */
		25B83AB524D3C96600FB753D /* ObjectFinder */ = {
			isa = PBXNativeTarget;
			buildConfigurationList = 25B83ACA24D3C96800FB753D /* Build configuration list for PBXNativeTarget "ObjectFinder" */;
			buildPhases = (
				25B83AB224D3C96600FB753D /* Sources */,
				25B83AB324D3C96600FB753D /* Frameworks */,
				25B83AB424D3C96600FB753D /* Resources */,
			);
			buildRules = (
			);
			dependencies = (
			);
			name = ObjectFinder;
			productName = ObjectFinder;
			productReference = 25B83AB624D3C96600FB753D /* ObjectFinder.app */;
			productType = "com.apple.product-type.application";
		};
/* End PBXNativeTarget section */

/* Begin PBXProject section */
		25B83AAE24D3C96600FB753D /* Project object */ = {
			isa = PBXProject;
			attributes = {
				LastSwiftUpdateCheck = 1160;
				LastUpgradeCheck = 1160;
				ORGANIZATIONNAME = "madebyadvait:)";
				TargetAttributes = {
					25B83AB524D3C96600FB753D = {
						CreatedOnToolsVersion = 11.6;
						LastSwiftMigration = 1160;
					};
				};
			};
			buildConfigurationList = 25B83AB124D3C96600FB753D /* Build configuration list for PBXProject "ObjectFinder" */;
			compatibilityVersion = "Xcode 10.0";
			developmentRegion = en;
			hasScannedForEncodings = 0;
			knownRegions = (
				en,
				Base,
			);
			mainGroup = 25B83AAD24D3C96600FB753D;
			productRefGroup = 25B83AB724D3C96600FB753D /* Products */;
			projectDirPath = "";
			projectRoot = "";
			targets = (
				25B83AB524D3C96600FB753D /* ObjectFinder */,
			);
		};
/* End PBXProject section */

/* Begin PBXResourcesBuildPhase section */
		25B83AB424D3C96600FB753D /* Resources */ = {
			isa = PBXResourcesBuildPhase;
			buildActionMask = 2147483647;
			files = (
				25B83AC624D3C96800FB753D /* LaunchScreen.storyboard in Resources */,
				25B83AC324D3C96700FB753D /* Assets.xcassets in Resources */,
				25B83AC124D3C96600FB753D /* Main.storyboard in Resources */,
			);
			runOnlyForDeploymentPostprocessing = 0;
		};
/* End PBXResourcesBuildPhase section */

/* Begin PBXSourcesBuildPhase section */
		25B83AB224D3C96600FB753D /* Sources */ = {
			isa = PBXSourcesBuildPhase;
			buildActionMask = 2147483647;
			files = (
				25B83ABE24D3C96600FB753D /* ViewController.swift in Sources */,
				25B83ABA24D3C96600FB753D /* AppDelegate.swift in Sources */,
				25B83ABC24D3C96600FB753D /* SceneDelegate.swift in Sources */,
				25870A0624DD884A004BCEA3 /* CreateML.mlmodel in Sources */,
			);
			runOnlyForDeploymentPostprocessing = 0;
		};
/* End PBXSourcesBuildPhase section */

/* Begin PBXVariantGroup section */
		25B83ABF24D3C96600FB753D /* Main.storyboard */ = {
			isa = PBXVariantGroup;
			children = (
				25B83AC024D3C96600FB753D /* Base */,
			);
			name = Main.storyboard;
			sourceTree = "<group>";
		};
		25B83AC424D3C96800FB753D /* LaunchScreen.storyboard */ = {
			isa = PBXVariantGroup;
			children = (
				25B83AC524D3C96800FB753D /* Base */,
			);
			name = LaunchScreen.storyboard;
			sourceTree = "<group>";
		};
/* End PBXVariantGroup section */

/* Begin XCBuildConfiguration section */
		25B83AC824D3C96800FB753D /* Debug */ = {
			isa = XCBuildConfiguration;
			buildSettings = {
				ALWAYS_SEARCH_USER_PATHS = NO;
				CLANG_ANALYZER_NONNULL = YES;
				CLANG_ANALYZER_NUMBER_OBJECT_CONVERSION = YES_AGGRESSIVE;
				CLANG_CXX_LANGUAGE_STANDARD = "gnu++14";
				CLANG_CXX_LIBRARY = "libc++";
				CLANG_ENABLE_MODULES = YES;
				CLANG_ENABLE_OBJC_ARC = YES;
				CLANG_ENABLE_OBJC_WEAK = YES;
				CLANG_WARN_BLOCK_CAPTURE_AUTORELEASING = YES;
				CLANG_WARN_BOOL_CONVERSION = YES;
				CLANG_WARN_COMMA = YES;
				CLANG_WARN_CONSTANT_CONVERSION = YES;
				CLANG_WARN_DEPRECATED_OBJC_IMPLEMENTATIONS = YES;
				CLANG_WARN_DIRECT_OBJC_ISA_USAGE = YES_ERROR;
				CLANG_WARN_DOCUMENTATION_COMMENTS = YES;
				CLANG_WARN_EMPTY_BODY = YES;
				CLANG_WARN_ENUM_CONVERSION = YES;
				CLANG_WARN_INFINITE_RECURSION = YES;
				CLANG_WARN_INT_CONVERSION = YES;
				CLANG_WARN_NON_LITERAL_NULL_CONVERSION = YES;
				CLANG_WARN_OBJC_IMPLICIT_RETAIN_SELF = YES;
				CLANG_WARN_OBJC_LITERAL_CONVERSION = YES;
				CLANG_WARN_OBJC_ROOT_CLASS = YES_ERROR;
				CLANG_WARN_RANGE_LOOP_ANALYSIS = YES;
				CLANG_WARN_STRICT_PROTOTYPES = YES;
				CLANG_WARN_SUSPICIOUS_MOVE = YES;
				CLANG_WARN_UNGUARDED_AVAILABILITY = YES_AGGRESSIVE;
				CLANG_WARN_UNREACHABLE_CODE = YES;
				CLANG_WARN__DUPLICATE_METHOD_MATCH = YES;
				COPY_PHASE_STRIP = NO;
				DEBUG_INFORMATION_FORMAT = dwarf;
				ENABLE_STRICT_OBJC_MSGSEND = YES;
				ENABLE_TESTABILITY = YES;
				GCC_C_LANGUAGE_STANDARD = gnu11;
				GCC_DYNAMIC_NO_PIC = NO;
				GCC_NO_COMMON_BLOCKS = YES;
				GCC_OPTIMIZATION_LEVEL = 0;
				GCC_PREPROCESSOR_DEFINITIONS = (
					"DEBUG=1",
					"$(inherited)",
				);
				GCC_WARN_64_TO_32_BIT_CONVERSION = YES;
				GCC_WARN_ABOUT_RETURN_TYPE = YES_ERROR;
				GCC_WARN_UNDECLARED_SELECTOR = YES;
				GCC_WARN_UNINITIALIZED_AUTOS = YES_AGGRESSIVE;
				GCC_WARN_UNUSED_FUNCTION = YES;
				GCC_WARN_UNUSED_VARIABLE = YES;
				IPHONEOS_DEPLOYMENT_TARGET = 12.4;
				MTL_ENABLE_DEBUG_INFO = INCLUDE_SOURCE;
				MTL_FAST_MATH = YES;
				ONLY_ACTIVE_ARCH = YES;
				SDKROOT = iphoneos;
				SWIFT_ACTIVE_COMPILATION_CONDITIONS = DEBUG;
				SWIFT_OPTIMIZATION_LEVEL = "-Onone";
			};
			name = Debug;
		};
		25B83AC924D3C96800FB753D /* Release */ = {
			isa = XCBuildConfiguration;
			buildSettings = {
				ALWAYS_SEARCH_USER_PATHS = NO;
				CLANG_ANALYZER_NONNULL = YES;
				CLANG_ANALYZER_NUMBER_OBJECT_CONVERSION = YES_AGGRESSIVE;
				CLANG_CXX_LANGUAGE_STANDARD = "gnu++14";
				CLANG_CXX_LIBRARY = "libc++";
				CLANG_ENABLE_MODULES = YES;
				CLANG_ENABLE_OBJC_ARC = YES;
				CLANG_ENABLE_OBJC_WEAK = YES;
				CLANG_WARN_BLOCK_CAPTURE_AUTORELEASING = YES;
				CLANG_WARN_BOOL_CONVERSION = YES;
				CLANG_WARN_COMMA = YES;
				CLANG_WARN_CONSTANT_CONVERSION = YES;
				CLANG_WARN_DEPRECATED_OBJC_IMPLEMENTATIONS = YES;
				CLANG_WARN_DIRECT_OBJC_ISA_USAGE = YES_ERROR;
				CLANG_WARN_DOCUMENTATION_COMMENTS = YES;
				CLANG_WARN_EMPTY_BODY = YES;
				CLANG_WARN_ENUM_CONVERSION = YES;
				CLANG_WARN_INFINITE_RECURSION = YES;
				CLANG_WARN_INT_CONVERSION = YES;
				CLANG_WARN_NON_LITERAL_NULL_CONVERSION = YES;
				CLANG_WARN_OBJC_IMPLICIT_RETAIN_SELF = YES;
				CLANG_WARN_OBJC_LITERAL_CONVERSION = YES;
				CLANG_WARN_OBJC_ROOT_CLASS = YES_ERROR;
				CLANG_WARN_RANGE_LOOP_ANALYSIS = YES;
				CLANG_WARN_STRICT_PROTOTYPES = YES;
				CLANG_WARN_SUSPICIOUS_MOVE = YES;
				CLANG_WARN_UNGUARDED_AVAILABILITY = YES_AGGRESSIVE;
				CLANG_WARN_UNREACHABLE_CODE = YES;
				CLANG_WARN__DUPLICATE_METHOD_MATCH = YES;
				COPY_PHASE_STRIP = NO;
				DEBUG_INFORMATION_FORMAT = "dwarf-with-dsym";
				ENABLE_NS_ASSERTIONS = NO;
				ENABLE_STRICT_OBJC_MSGSEND = YES;
				GCC_C_LANGUAGE_STANDARD = gnu11;
				GCC_NO_COMMON_BLOCKS = YES;
				GCC_WARN_64_TO_32_BIT_CONVERSION = YES;
				GCC_WARN_ABOUT_RETURN_TYPE = YES_ERROR;
				GCC_WARN_UNDECLARED_SELECTOR = YES;
				GCC_WARN_UNINITIALIZED_AUTOS = YES_AGGRESSIVE;
				GCC_WARN_UNUSED_FUNCTION = YES;
				GCC_WARN_UNUSED_VARIABLE = YES;
				IPHONEOS_DEPLOYMENT_TARGET = 12.4;
				MTL_ENABLE_DEBUG_INFO = NO;
				MTL_FAST_MATH = YES;
				SDKROOT = iphoneos;
				SWIFT_COMPILATION_MODE = wholemodule;
				SWIFT_OPTIMIZATION_LEVEL = "-O";
				VALIDATE_PRODUCT = YES;
			};
			name = Release;
		};
		25B83ACB24D3C96800FB753D /* Debug */ = {
			isa = XCBuildConfiguration;
			buildSettings = {
				ASSETCATALOG_COMPILER_APPICON_NAME = AppIcon;
				CODE_SIGN_STYLE = Automatic;
				DEVELOPMENT_TEAM = S67SCH2M8N;
				INFOPLIST_FILE = ObjectFinder/Info.plist;
				LD_RUNPATH_SEARCH_PATHS = (
					"$(inherited)",
					"@executable_path/Frameworks",
				);
				PRODUCT_BUNDLE_IDENTIFIER = com.advait.stuff.ObjectFinder;
				PRODUCT_NAME = "$(TARGET_NAME)";
				SWIFT_VERSION = 5.0;
				TARGETED_DEVICE_FAMILY = "1,2";
			};
			name = Debug;
		};
		25B83ACC24D3C96800FB753D /* Release */ = {
			isa = XCBuildConfiguration;
			buildSettings = {
				ASSETCATALOG_COMPILER_APPICON_NAME = AppIcon;
				CODE_SIGN_STYLE = Automatic;
				DEVELOPMENT_TEAM = S67SCH2M8N;
				INFOPLIST_FILE = ObjectFinder/Info.plist;
				LD_RUNPATH_SEARCH_PATHS = (
					"$(inherited)",
					"@executable_path/Frameworks",
				);
				PRODUCT_BUNDLE_IDENTIFIER = com.advait.stuff.ObjectFinder;
				PRODUCT_NAME = "$(TARGET_NAME)";
				SWIFT_VERSION = 5.0;
				TARGETED_DEVICE_FAMILY = "1,2";
			};
			name = Release;
		};
/* End XCBuildConfiguration section */

/* Begin XCConfigurationList section */
		25B83AB124D3C96600FB753D /* Build configuration list for PBXProject "ObjectFinder" */ = {
			isa = XCConfigurationList;
			buildConfigurations = (
				25B83AC824D3C96800FB753D /* Debug */,
				25B83AC924D3C96800FB753D /* Release */,
			);
			defaultConfigurationIsVisible = 0;
			defaultConfigurationName = Release;
		};
		25B83ACA24D3C96800FB753D /* Build configuration list for PBXNativeTarget "ObjectFinder" */ = {
			isa = XCConfigurationList;
			buildConfigurations = (
				25B83ACB24D3C96800FB753D /* Debug */,
				25B83ACC24D3C96800FB753D /* Release */,
			);
			defaultConfigurationIsVisible = 0;
			defaultConfigurationName = Release;
		};
/* End XCConfigurationList section */
	};
	rootObject = 25B83AAE24D3C96600FB753D /* Project object */;
}
